
Microsoft Visual Studio Solution File, Format Version 12.00
# Visual Studio 15
VisualStudioVersion = 15.0.26906.1
MinimumVisualStudioVersion = 10.0.40219.1
Project("{FAE04EC0-301F-11D3-BF4B-00C04F79EFBC}") = "AngularSPAWebAPI", "AngularSPAWebAPI\AngularSPAWebAPI.csproj", "{FF1334F3-7303-4D38-9FCC-B8CE41E7C0E2}"
EndProject
Global
	GlobalSection(SolutionConfigurationPlatforms) = preSolution
		Debug|Any CPU = Debug|Any CPU
		Release|Any CPU = Release|Any CPU
	EndGlobalSection
	GlobalSection(ProjectConfigurationPlatforms) = postSolution
		{FF1334F3-7303-4D38-9FCC-B8CE41E7C0E2}.Debug|Any CPU.ActiveCfg = Debug|Any CPU
		{FF1334F3-7303-4D38-9FCC-B8CE41E7C0E2}.Debug|Any CPU.Build.0 = Debug|Any CPU
		{FF1334F3-7303-4D38-9FCC-B8CE41E7C0E2}.Release|Any CPU.ActiveCfg = Release|Any CPU
		{FF1334F3-7303-4D38-9FCC-B8CE41E7C0E2}.Release|Any CPU.Build.0 = Release|Any CPU
	EndGlobalSection
	GlobalSection(SolutionProperties) = preSolution
		HideSolutionNode = FALSE
	EndGlobalSection
	GlobalSection(ExtensibilityGlobals) = postSolution
		SolutionGuid = {AD44C95F-5B00-4750-9F5F-2EAB3C46240A}
	EndGlobalSection
EndGlobal
